
Microsoft Visual Studio Solution File, Format Version 12.00
# Visual Studio Version 16
VisualStudioVersion = 16.0.31702.278
MinimumVisualStudioVersion = 10.0.40219.1
Project("{FAE04EC0-301F-11D3-BF4B-00C04F79EFBC}") = "GameProject", "GameProject\GameProject.csproj", "{575FA27C-5970-499D-99A4-1576B335EA03}"
EndProject
Global
	GlobalSection(SolutionConfigurationPlatforms) = preSolution
		Debug|Any CPU = Debug|Any CPU
		Release|Any CPU = Release|Any CPU
	EndGlobalSection
	GlobalSection(ProjectConfigurationPlatforms) = postSolution
		{575FA27C-5970-499D-99A4-1576B335EA03}.Debug|Any CPU.ActiveCfg = Debug|Any CPU
		{575FA27C-5970-499D-99A4-1576B335EA03}.Debug|Any CPU.Build.0 = Debug|Any CPU
		{575FA27C-5970-499D-99A4-1576B335EA03}.Release|Any CPU.ActiveCfg = Release|Any CPU
		{575FA27C-5970-499D-99A4-1576B335EA03}.Release|Any CPU.Build.0 = Release|Any CPU
	EndGlobalSection
	GlobalSection(SolutionProperties) = preSolution
		HideSolutionNode = FALSE
	EndGlobalSection
	GlobalSection(ExtensibilityGlobals) = postSolution
		SolutionGuid = {7BD34790-9737-4698-BE31-B464EA0526D8}
	EndGlobalSection
EndGlobal
